
  build1:
    runs-on: ubuntu-latest
    env:
      GITHUB_PAT: ${{ secrets.GH_PAT }}
      R_REMOTES_NO_ERRORS_FROM_WARNINGS: true
    
    steps:
      - name: Checkout repo
        uses: actions/checkout@v2
      
      - name: Install Pandoc
        run: brew install pandoc
        shell: bash

      - name: Install command line packages
        run: |        
          sudo R CMD javareconf
          sudo apt-get install libcurl4-openssl-dev libgdal-dev libgit2-dev libudunits2-dev
        shell: bash
        
      - name: Set up R
        uses: r-lib/actions/setup-r@master
      
      - name: Cache R packages
        uses: actions/cache@v1
        id: cache
        with:
          path: ${{ env.R_LIBS_USER }}
          key: big-cache-3dfeec915c65af830b4ce8d69a745ee510b348f69532ef96ae49f0082eadd7c3

      - name: Load R packages (if not cached)
        if: steps.cache.outputs.cache-hit != 'true'
        run: |
          Rscript -e 'install.packages("devtools")
          devtools::install_deps(dependencies = TRUE)'
        
      - name: Create reports
        uses: NOAA-EDAB/esp_data_aggregation/bookdown/render@abby
        with: 
          species: 'REPLACE'
          
      - name: Deploy to Github
        uses: JamesIves/github-pages-deploy-action@3.7.1
        with:
          GITHUB_TOKEN: ${{ secrets.GH_PAT }}
          BRANCH: gh-pages # The branch the action should deploy to.
          FOLDER: action_reports # The folder the action should deploy.
          TARGET_FOLDER: Reports
          CLEAN: false # Automatically remove deleted files from the deploy branch
